// !$*UTF8*$!
{
	archiveVersion = 1;
	classes = {
	};
	objectVersion = 46;
	objects = {

/* Begin PBXBuildFile section */
		63ABB7AA1973C2E000A879D3 /* Foundation.framework in Frameworks */ = {isa = PBXBuildFile; fileRef = 63ABB7A91973C2E000A879D3 /* Foundation.framework */; };
		63ABB7AC1973C2E000A879D3 /* CoreGraphics.framework in Frameworks */ = {isa = PBXBuildFile; fileRef = 63ABB7AB1973C2E000A879D3 /* CoreGraphics.framework */; };
		63ABB7AE1973C2E000A879D3 /* UIKit.framework in Frameworks */ = {isa = PBXBuildFile; fileRef = 63ABB7AD1973C2E000A879D3 /* UIKit.framework */; };
		63ABB7B41973C2E000A879D3 /* InfoPlist.strings in Resources */ = {isa = PBXBuildFile; fileRef = 63ABB7B21973C2E000A879D3 /* InfoPlist.strings */; };
		63ABB7B61973C2E000A879D3 /* main.m in Sources */ = {isa = PBXBuildFile; fileRef = 63ABB7B51973C2E000A879D3 /* main.m */; };
		63ABB7BA1973C2E000A879D3 /* SPAppDelegate.m in Sources */ = {isa = PBXBuildFile; fileRef = 63ABB7B91973C2E000A879D3 /* SPAppDelegate.m */; };
		63ABB7BC1973C2E100A879D3 /* Images.xcassets in Resources */ = {isa = PBXBuildFile; fileRef = 63ABB7BB1973C2E100A879D3 /* Images.xcassets */; };
		63ABB7C31973C2E100A879D3 /* XCTest.framework in Frameworks */ = {isa = PBXBuildFile; fileRef = 63ABB7C21973C2E100A879D3 /* XCTest.framework */; };
		63ABB7C41973C2E100A879D3 /* Foundation.framework in Frameworks */ = {isa = PBXBuildFile; fileRef = 63ABB7A91973C2E000A879D3 /* Foundation.framework */; };
		63ABB7C51973C2E100A879D3 /* UIKit.framework in Frameworks */ = {isa = PBXBuildFile; fileRef = 63ABB7AD1973C2E000A879D3 /* UIKit.framework */; };
		63ABB7CD1973C2E100A879D3 /* InfoPlist.strings in Resources */ = {isa = PBXBuildFile; fileRef = 63ABB7CB1973C2E100A879D3 /* InfoPlist.strings */; };
		63ABB7CF1973C2E100A879D3 /* SPTestFacebookApiTests.m in Sources */ = {isa = PBXBuildFile; fileRef = 63ABB7CE1973C2E100A879D3 /* SPTestFacebookApiTests.m */; };
		63ABBA3B1973CC9D00A879D3 /* Main.storyboard in Resources */ = {isa = PBXBuildFile; fileRef = 63ABBA3A1973CC9D00A879D3 /* Main.storyboard */; };
		63ABBA3D1973CD1100A879D3 /* FacebookSDK.framework in Frameworks */ = {isa = PBXBuildFile; fileRef = 63ABBA3C1973CD1100A879D3 /* FacebookSDK.framework */; };
		63ABBA4619740DEE00A879D3 /* SPFacebookLoginViewController.m in Sources */ = {isa = PBXBuildFile; fileRef = 63ABBA4519740DEE00A879D3 /* SPFacebookLoginViewController.m */; };
/* End PBXBuildFile section */

/* Begin PBXContainerItemProxy section */
		63ABB7C61973C2E100A879D3 /* PBXContainerItemProxy */ = {
			isa = PBXContainerItemProxy;
			containerPortal = 63ABB79E1973C2E000A879D3 /* Project object */;
			proxyType = 1;
			remoteGlobalIDString = 63ABB7A51973C2E000A879D3;
			remoteInfo = SPTestFacebookApi;
		};
/* End PBXContainerItemProxy section */

/* Begin PBXFileReference section */
		63ABB7A61973C2E000A879D3 /* SPTestFacebookApi.app */ = {isa = PBXFileReference; explicitFileType = wrapper.application; includeInIndex = 0; path = SPTestFacebookApi.app; sourceTree = BUILT_PRODUCTS_DIR; };
		63ABB7A91973C2E000A879D3 /* Foundation.framework */ = {isa = PBXFileReference; lastKnownFileType = wrapper.framework; name = Foundation.framework; path = System/Library/Frameworks/Foundation.framework; sourceTree = SDKROOT; };
		63ABB7AB1973C2E000A879D3 /* CoreGraphics.framework */ = {isa = PBXFileReference; lastKnownFileType = wrapper.framework; name = CoreGraphics.framework; path = System/Library/Frameworks/CoreGraphics.framework; sourceTree = SDKROOT; };
		63ABB7AD1973C2E000A879D3 /* UIKit.framework */ = {isa = PBXFileReference; lastKnownFileType = wrapper.framework; name = UIKit.framework; path = System/Library/Frameworks/UIKit.framework; sourceTree = SDKROOT; };
		63ABB7B11973C2E000A879D3 /* SPTestFacebookApi-Info.plist */ = {isa = PBXFileReference; lastKnownFileType = text.plist.xml; path = "SPTestFacebookApi-Info.plist"; sourceTree = "<group>"; };
		63ABB7B31973C2E000A879D3 /* en */ = {isa = PBXFileReference; lastKnownFileType = text.plist.strings; name = en; path = en.lproj/InfoPlist.strings; sourceTree = "<group>"; };
		63ABB7B51973C2E000A879D3 /* main.m */ = {isa = PBXFileReference; lastKnownFileType = sourcecode.c.objc; path = main.m; sourceTree = "<group>"; };
		63ABB7B71973C2E000A879D3 /* SPTestFacebookApi-Prefix.pch */ = {isa = PBXFileReference; lastKnownFileType = sourcecode.c.h; path = "SPTestFacebookApi-Prefix.pch"; sourceTree = "<group>"; };
		63ABB7B81973C2E000A879D3 /* SPAppDelegate.h */ = {isa = PBXFileReference; lastKnownFileType = sourcecode.c.h; path = SPAppDelegate.h; sourceTree = "<group>"; };
		63ABB7B91973C2E000A879D3 /* SPAppDelegate.m */ = {isa = PBXFileReference; lastKnownFileType = sourcecode.c.objc; path = SPAppDelegate.m; sourceTree = "<group>"; };
		63ABB7BB1973C2E100A879D3 /* Images.xcassets */ = {isa = PBXFileReference; lastKnownFileType = folder.assetcatalog; path = Images.xcassets; sourceTree = "<group>"; };
		63ABB7C11973C2E100A879D3 /* SPTestFacebookApiTests.xctest */ = {isa = PBXFileReference; explicitFileType = wrapper.cfbundle; includeInIndex = 0; path = SPTestFacebookApiTests.xctest; sourceTree = BUILT_PRODUCTS_DIR; };
		63ABB7C21973C2E100A879D3 /* XCTest.framework */ = {isa = PBXFileReference; lastKnownFileType = wrapper.framework; name = XCTest.framework; path = Library/Frameworks/XCTest.framework; sourceTree = DEVELOPER_DIR; };
		63ABB7CA1973C2E100A879D3 /* SPTestFacebookApiTests-Info.plist */ = {isa = PBXFileReference; lastKnownFileType = text.plist.xml; path = "SPTestFacebookApiTests-Info.plist"; sourceTree = "<group>"; };
		63ABB7CC1973C2E100A879D3 /* en */ = {isa = PBXFileReference; lastKnownFileType = text.plist.strings; name = en; path = en.lproj/InfoPlist.strings; sourceTree = "<group>"; };
		63ABB7CE1973C2E100A879D3 /* SPTestFacebookApiTests.m */ = {isa = PBXFileReference; lastKnownFileType = sourcecode.c.objc; path = SPTestFacebookApiTests.m; sourceTree = "<group>"; };
		63ABBA3A1973CC9D00A879D3 /* Main.storyboard */ = {isa = PBXFileReference; fileEncoding = 4; lastKnownFileType = file.storyboard; path = Main.storyboard; sourceTree = "<group>"; };
		63ABBA3C1973CD1100A879D3 /* FacebookSDK.framework */ = {isa = PBXFileReference; lastKnownFileType = wrapper.framework; path = FacebookSDK.framework; sourceTree = "<group>"; };
		63ABBA4419740DEE00A879D3 /* SPFacebookLoginViewController.h */ = {isa = PBXFileReference; fileEncoding = 4; lastKnownFileType = sourcecode.c.h; path = SPFacebookLoginViewController.h; sourceTree = "<group>"; };
		63ABBA4519740DEE00A879D3 /* SPFacebookLoginViewController.m */ = {isa = PBXFileReference; fileEncoding = 4; lastKnownFileType = sourcecode.c.objc; path = SPFacebookLoginViewController.m; sourceTree = "<group>"; };
/* End PBXFileReference section */

/* Begin PBXFrameworksBuildPhase section */
		63ABB7A31973C2E000A879D3 /* Frameworks */ = {
			isa = PBXFrameworksBuildPhase;
			buildActionMask = 2147483647;
			files = (
				63ABB7AC1973C2E000A879D3 /* CoreGraphics.framework in Frameworks */,
				63ABBA3D1973CD1100A879D3 /* FacebookSDK.framework in Frameworks */,
				63ABB7AE1973C2E000A879D3 /* UIKit.framework in Frameworks */,
				63ABB7AA1973C2E000A879D3 /* Foundation.framework in Frameworks */,
			);
			runOnlyForDeploymentPostprocessing = 0;
		};
		63ABB7BE1973C2E100A879D3 /* Frameworks */ = {
			isa = PBXFrameworksBuildPhase;
			buildActionMask = 2147483647;
			files = (
				63ABB7C31973C2E100A879D3 /* XCTest.framework in Frameworks */,
				63ABB7C51973C2E100A879D3 /* UIKit.framework in Frameworks */,
				63ABB7C41973C2E100A879D3 /* Foundation.framework in Frameworks */,
			);
			runOnlyForDeploymentPostprocessing = 0;
		};
/* End PBXFrameworksBuildPhase section */

/* Begin PBXGroup section */
		63ABB79D1973C2E000A879D3 = {
			isa = PBXGroup;
			children = (
				63ABB7AF1973C2E000A879D3 /* SPTestFacebookApi */,
				63ABB7C81973C2E100A879D3 /* SPTestFacebookApiTests */,
				63ABB7A81973C2E000A879D3 /* Frameworks */,
				63ABB7A71973C2E000A879D3 /* Products */,
			);
			sourceTree = "<group>";
		};
		63ABB7A71973C2E000A879D3 /* Products */ = {
			isa = PBXGroup;
			children = (
				63ABB7A61973C2E000A879D3 /* SPTestFacebookApi.app */,
				63ABB7C11973C2E100A879D3 /* SPTestFacebookApiTests.xctest */,
			);
			name = Products;
			sourceTree = "<group>";
		};
		63ABB7A81973C2E000A879D3 /* Frameworks */ = {
			isa = PBXGroup;
			children = (
				63ABBA3C1973CD1100A879D3 /* FacebookSDK.framework */,
				63ABB7A91973C2E000A879D3 /* Foundation.framework */,
				63ABB7AB1973C2E000A879D3 /* CoreGraphics.framework */,
				63ABB7AD1973C2E000A879D3 /* UIKit.framework */,
				63ABB7C21973C2E100A879D3 /* XCTest.framework */,
			);
			name = Frameworks;
			sourceTree = "<group>";
		};
		63ABB7AF1973C2E000A879D3 /* SPTestFacebookApi */ = {
			isa = PBXGroup;
			children = (
				63ABB7B81973C2E000A879D3 /* SPAppDelegate.h */,
				63ABB7B91973C2E000A879D3 /* SPAppDelegate.m */,
				63ABB7BB1973C2E100A879D3 /* Images.xcassets */,
				63ABB7B01973C2E000A879D3 /* Supporting Files */,
				63ABBA3A1973CC9D00A879D3 /* Main.storyboard */,
				63ABBA4419740DEE00A879D3 /* SPFacebookLoginViewController.h */,
				63ABBA4519740DEE00A879D3 /* SPFacebookLoginViewController.m */,
			);
			path = SPTestFacebookApi;
			sourceTree = "<group>";
		};
		63ABB7B01973C2E000A879D3 /* Supporting Files */ = {
			isa = PBXGroup;
			children = (
				63ABB7B11973C2E000A879D3 /* SPTestFacebookApi-Info.plist */,
				63ABB7B21973C2E000A879D3 /* InfoPlist.strings */,
				63ABB7B51973C2E000A879D3 /* main.m */,
				63ABB7B71973C2E000A879D3 /* SPTestFacebookApi-Prefix.pch */,
			);
			name = "Supporting Files";
			sourceTree = "<group>";
		};
		63ABB7C81973C2E100A879D3 /* SPTestFacebookApiTests */ = {
			isa = PBXGroup;
			children = (
				63ABB7CE1973C2E100A879D3 /* SPTestFacebookApiTests.m */,
				63ABB7C91973C2E100A879D3 /* Supporting Files */,
			);
			path = SPTestFacebookApiTests;
			sourceTree = "<group>";
		};
		63ABB7C91973C2E100A879D3 /* Supporting Files */ = {
			isa = PBXGroup;
			children = (
				63ABB7CA1973C2E100A879D3 /* SPTestFacebookApiTests-Info.plist */,
				63ABB7CB1973C2E100A879D3 /* InfoPlist.strings */,
			);
			name = "Supporting Files";
			sourceTree = "<group>";
		};
/* End PBXGroup section */

/* Begin PBXNativeTarget section */
		63ABB7A51973C2E000A879D3 /* SPTestFacebookApi */ = {
			isa = PBXNativeTarget;
			buildConfigurationList = 63ABB7D21973C2E100A879D3 /* Build configuration list for PBXNativeTarget "SPTestFacebookApi" */;
			buildPhases = (
				63ABB7A21973C2E000A879D3 /* Sources */,
				63ABB7A31973C2E000A879D3 /* Frameworks */,
				63ABB7A41973C2E000A879D3 /* Resources */,
			);
			buildRules = (
			);
			dependencies = (
			);
			name = SPTestFacebookApi;
			productName = SPTestFacebookApi;
			productReference = 63ABB7A61973C2E000A879D3 /* SPTestFacebookApi.app */;
			productType = "com.apple.product-type.application";
		};
		63ABB7C01973C2E100A879D3 /* SPTestFacebookApiTests */ = {
			isa = PBXNativeTarget;
			buildConfigurationList = 63ABB7D51973C2E100A879D3 /* Build configuration list for PBXNativeTarget "SPTestFacebookApiTests" */;
			buildPhases = (
				63ABB7BD1973C2E100A879D3 /* Sources */,
				63ABB7BE1973C2E100A879D3 /* Frameworks */,
				63ABB7BF1973C2E100A879D3 /* Resources */,
			);
			buildRules = (
			);
			dependencies = (
				63ABB7C71973C2E100A879D3 /* PBXTargetDependency */,
			);
			name = SPTestFacebookApiTests;
			productName = SPTestFacebookApiTests;
			productReference = 63ABB7C11973C2E100A879D3 /* SPTestFacebookApiTests.xctest */;
			productType = "com.apple.product-type.bundle.unit-test";
		};
/* End PBXNativeTarget section */

/* Begin PBXProject section */
		63ABB79E1973C2E000A879D3 /* Project object */ = {
			isa = PBXProject;
			attributes = {
				CLASSPREFIX = SP;
				LastUpgradeCheck = 0510;
				ORGANIZATIONNAME = massinteractiveserviceslimited;
				TargetAttributes = {
					63ABB7A51973C2E000A879D3 = {
						DevelopmentTeam = T5227V76QG;
					};
					63ABB7C01973C2E100A879D3 = {
						TestTargetID = 63ABB7A51973C2E000A879D3;
					};
				};
			};
			buildConfigurationList = 63ABB7A11973C2E000A879D3 /* Build configuration list for PBXProject "SPTestFacebookApi" */;
			compatibilityVersion = "Xcode 3.2";
			developmentRegion = English;
			hasScannedForEncodings = 0;
			knownRegions = (
				en,
				he,
			);
			mainGroup = 63ABB79D1973C2E000A879D3;
			productRefGroup = 63ABB7A71973C2E000A879D3 /* Products */;
			projectDirPath = "";
			projectRoot = "";
			targets = (
				63ABB7A51973C2E000A879D3 /* SPTestFacebookApi */,
				63ABB7C01973C2E100A879D3 /* SPTestFacebookApiTests */,
			);
		};
/* End PBXProject section */

/* Begin PBXResourcesBuildPhase section */
		63ABB7A41973C2E000A879D3 /* Resources */ = {
			isa = PBXResourcesBuildPhase;
			buildActionMask = 2147483647;
			files = (
				63ABB7B41973C2E000A879D3 /* InfoPlist.strings in Resources */,
				63ABBA3B1973CC9D00A879D3 /* Main.storyboard in Resources */,
				63ABB7BC1973C2E100A879D3 /* Images.xcassets in Resources */,
			);
			runOnlyForDeploymentPostprocessing = 0;
		};
		63ABB7BF1973C2E100A879D3 /* Resources */ = {
			isa = PBXResourcesBuildPhase;
			buildActionMask = 2147483647;
			files = (
				63ABB7CD1973C2E100A879D3 /* InfoPlist.strings in Resources */,
			);
			runOnlyForDeploymentPostprocessing = 0;
		};
/* End PBXResourcesBuildPhase section */

/* Begin PBXSourcesBuildPhase section */
		63ABB7A21973C2E000A879D3 /* Sources */ = {
			isa = PBXSourcesBuildPhase;
			buildActionMask = 2147483647;
			files = (
				63ABBA4619740DEE00A879D3 /* SPFacebookLoginViewController.m in Sources */,
				63ABB7B61973C2E000A879D3 /* main.m in Sources */,
				63ABB7BA1973C2E000A879D3 /* SPAppDelegate.m in Sources */,
			);
			runOnlyForDeploymentPostprocessing = 0;
		};
		63ABB7BD1973C2E100A879D3 /* Sources */ = {
			isa = PBXSourcesBuildPhase;
			buildActionMask = 2147483647;
			files = (
				63ABB7CF1973C2E100A879D3 /* SPTestFacebookApiTests.m in Sources */,
			);
			runOnlyForDeploymentPostprocessing = 0;
		};
/* End PBXSourcesBuildPhase section */

/* Begin PBXTargetDependency section */
		63ABB7C71973C2E100A879D3 /* PBXTargetDependency */ = {
			isa = PBXTargetDependency;
			target = 63ABB7A51973C2E000A879D3 /* SPTestFacebookApi */;
			targetProxy = 63ABB7C61973C2E100A879D3 /* PBXContainerItemProxy */;
		};
/* End PBXTargetDependency section */

/* Begin PBXVariantGroup section */
		63ABB7B21973C2E000A879D3 /* InfoPlist.strings */ = {
			isa = PBXVariantGroup;
			children = (
				63ABB7B31973C2E000A879D3 /* en */,
			);
			name = InfoPlist.strings;
			sourceTree = "<group>";
		};
		63ABB7CB1973C2E100A879D3 /* InfoPlist.strings */ = {
			isa = PBXVariantGroup;
			children = (
				63ABB7CC1973C2E100A879D3 /* en */,
			);
			name = InfoPlist.strings;
			sourceTree = "<group>";
		};
/* End PBXVariantGroup section */

/* Begin XCBuildConfiguration section */
		63ABB7D01973C2E100A879D3 /* Debug */ = {
			isa = XCBuildConfiguration;
			buildSettings = {
				ALWAYS_SEARCH_USER_PATHS = NO;
				CLANG_CXX_LANGUAGE_STANDARD = "gnu++0x";
				CLANG_CXX_LIBRARY = "libc++";
				CLANG_ENABLE_MODULES = YES;
				CLANG_ENABLE_OBJC_ARC = YES;
				CLANG_WARN_BOOL_CONVERSION = YES;
				CLANG_WARN_CONSTANT_CONVERSION = YES;
				CLANG_WARN_DIRECT_OBJC_ISA_USAGE = YES_ERROR;
				CLANG_WARN_EMPTY_BODY = YES;
				CLANG_WARN_ENUM_CONVERSION = YES;
				CLANG_WARN_INT_CONVERSION = YES;
				CLANG_WARN_OBJC_ROOT_CLASS = YES_ERROR;
				CLANG_WARN__DUPLICATE_METHOD_MATCH = YES;
				"CODE_SIGN_IDENTITY[sdk=iphoneos*]" = "iPhone Developer";
				COPY_PHASE_STRIP = NO;
				GCC_C_LANGUAGE_STANDARD = gnu99;
				GCC_DYNAMIC_NO_PIC = NO;
				GCC_OPTIMIZATION_LEVEL = 0;
				GCC_PREPROCESSOR_DEFINITIONS = (
					"DEBUG=1",
					"$(inherited)",
				);
				GCC_SYMBOLS_PRIVATE_EXTERN = NO;
				GCC_WARN_64_TO_32_BIT_CONVERSION = YES;
				GCC_WARN_ABOUT_RETURN_TYPE = YES_ERROR;
				GCC_WARN_UNDECLARED_SELECTOR = YES;
				GCC_WARN_UNINITIALIZED_AUTOS = YES_AGGRESSIVE;
				GCC_WARN_UNUSED_FUNCTION = YES;
				GCC_WARN_UNUSED_VARIABLE = YES;
				IPHONEOS_DEPLOYMENT_TARGET = 7.1;
				ONLY_ACTIVE_ARCH = YES;
				SDKROOT = iphoneos;
			};
			name = Debug;
		};
		63ABB7D11973C2E100A879D3 /* Release */ = {
			isa = XCBuildConfiguration;
			buildSettings = {
				ALWAYS_SEARCH_USER_PATHS = NO;
				CLANG_CXX_LANGUAGE_STANDARD = "gnu++0x";
				CLANG_CXX_LIBRARY = "libc++";
				CLANG_ENABLE_MODULES = YES;
				CLANG_ENABLE_OBJC_ARC = YES;
				CLANG_WARN_BOOL_CONVERSION = YES;
				CLANG_WARN_CONSTANT_CONVERSION = YES;
				CLANG_WARN_DIRECT_OBJC_ISA_USAGE = YES_ERROR;
				CLANG_WARN_EMPTY_BODY = YES;
				CLANG_WARN_ENUM_CONVERSION = YES;
				CLANG_WARN_INT_CONVERSION = YES;
				CLANG_WARN_OBJC_ROOT_CLASS = YES_ERROR;
				CLANG_WARN__DUPLICATE_METHOD_MATCH = YES;
				"CODE_SIGN_IDENTITY[sdk=iphoneos*]" = "iPhone Developer";
				COPY_PHASE_STRIP = YES;
				ENABLE_NS_ASSERTIONS = NO;
				GCC_C_LANGUAGE_STANDARD = gnu99;
				GCC_WARN_64_TO_32_BIT_CONVERSION = YES;
				GCC_WARN_ABOUT_RETURN_TYPE = YES_ERROR;
				GCC_WARN_UNDECLARED_SELECTOR = YES;
				GCC_WARN_UNINITIALIZED_AUTOS = YES_AGGRESSIVE;
				GCC_WARN_UNUSED_FUNCTION = YES;
				GCC_WARN_UNUSED_VARIABLE = YES;
				IPHONEOS_DEPLOYMENT_TARGET = 7.1;
				SDKROOT = iphoneos;
				VALIDATE_PRODUCT = YES;
			};
			name = Release;
		};
		63ABB7D31973C2E100A879D3 /* Debug */ = {
			isa = XCBuildConfiguration;
			buildSettings = {
				ASSETCATALOG_COMPILER_APPICON_NAME = AppIcon;
				ASSETCATALOG_COMPILER_LAUNCHIMAGE_NAME = LaunchImage;
				CODE_SIGN_IDENTITY = "iPhone Developer";
				FRAMEWORK_SEARCH_PATHS = (
					"$(inherited)",
					"$(PROJECT_DIR)/FacebookSDK",
					"$(PROJECT_DIR)/FacebookSDK/FBAudienceNetwork",
					"$(PROJECT_DIR)",
				);
				GCC_PRECOMPILE_PREFIX_HEADER = YES;
				GCC_PREFIX_HEADER = "SPTestFacebookApi/SPTestFacebookApi-Prefix.pch";
				INFOPLIST_FILE = "SPTestFacebookApi/SPTestFacebookApi-Info.plist";
				OTHER_LDFLAGS = "-ObjC";
				PRODUCT_NAME = "$(TARGET_NAME)";
				WRAPPER_EXTENSION = app;
			};
			name = Debug;
		};
		63ABB7D41973C2E100A879D3 /* Release */ = {
			isa = XCBuildConfiguration;
			buildSettings = {
				ASSETCATALOG_COMPILER_APPICON_NAME = AppIcon;
				ASSETCATALOG_COMPILER_LAUNCHIMAGE_NAME = LaunchImage;
				CODE_SIGN_IDENTITY = "iPhone Developer";
				FRAMEWORK_SEARCH_PATHS = (
					"$(inherited)",
					"$(PROJECT_DIR)/FacebookSDK",
					"$(PROJECT_DIR)/FacebookSDK/FBAudienceNetwork",
					"$(PROJECT_DIR)",
				);
				GCC_PRECOMPILE_PREFIX_HEADER = YES;
				GCC_PREFIX_HEADER = "SPTestFacebookApi/SPTestFacebookApi-Prefix.pch";
				INFOPLIST_FILE = "SPTestFacebookApi/SPTestFacebookApi-Info.plist";
				OTHER_LDFLAGS = "-ObjC";
				PRODUCT_NAME = "$(TARGET_NAME)";
				WRAPPER_EXTENSION = app;
			};
			name = Release;
		};
		63ABB7D61973C2E100A879D3 /* Debug */ = {
			isa = XCBuildConfiguration;
			buildSettings = {
				BUNDLE_LOADER = "$(BUILT_PRODUCTS_DIR)/SPTestFacebookApi.app/SPTestFacebookApi";
				FRAMEWORK_SEARCH_PATHS = (
					"$(SDKROOT)/Developer/Library/Frameworks",
					"$(inherited)",
					"$(DEVELOPER_FRAMEWORKS_DIR)",
				);
				GCC_PRECOMPILE_PREFIX_HEADER = YES;
				GCC_PREFIX_HEADER = "SPTestFacebookApi/SPTestFacebookApi-Prefix.pch";
				GCC_PREPROCESSOR_DEFINITIONS = (
					"DEBUG=1",
					"$(inherited)",
				);
				INFOPLIST_FILE = "SPTestFacebookApiTests/SPTestFacebookApiTests-Info.plist";
				PRODUCT_NAME = "$(TARGET_NAME)";
				TEST_HOST = "$(BUNDLE_LOADER)";
				WRAPPER_EXTENSION = xctest;
			};
			name = Debug;
		};
		63ABB7D71973C2E100A879D3 /* Release */ = {
			isa = XCBuildConfiguration;
			buildSettings = {
				BUNDLE_LOADER = "$(BUILT_PRODUCTS_DIR)/SPTestFacebookApi.app/SPTestFacebookApi";
				FRAMEWORK_SEARCH_PATHS = (
					"$(SDKROOT)/Developer/Library/Frameworks",
					"$(inherited)",
					"$(DEVELOPER_FRAMEWORKS_DIR)",
				);
				GCC_PRECOMPILE_PREFIX_HEADER = YES;
				GCC_PREFIX_HEADER = "SPTestFacebookApi/SPTestFacebookApi-Prefix.pch";
				INFOPLIST_FILE = "SPTestFacebookApiTests/SPTestFacebookApiTests-Info.plist";
				PRODUCT_NAME = "$(TARGET_NAME)";
				TEST_HOST = "$(BUNDLE_LOADER)";
				WRAPPER_EXTENSION = xctest;
			};
			name = Release;
		};
/* End XCBuildConfiguration section */

/* Begin XCConfigurationList section */
		63ABB7A11973C2E000A879D3 /* Build configuration list for PBXProject "SPTestFacebookApi" */ = {
			isa = XCConfigurationList;
			buildConfigurations = (
				63ABB7D01973C2E100A879D3 /* Debug */,
				63ABB7D11973C2E100A879D3 /* Release */,
			);
			defaultConfigurationIsVisible = 0;
			defaultConfigurationName = Release;
		};
		63ABB7D21973C2E100A879D3 /* Build configuration list for PBXNativeTarget "SPTestFacebookApi" */ = {
			isa = XCConfigurationList;
			buildConfigurations = (
				63ABB7D31973C2E100A879D3 /* Debug */,
				63ABB7D41973C2E100A879D3 /* Release */,
			);
			defaultConfigurationIsVisible = 0;
		};
		63ABB7D51973C2E100A879D3 /* Build configuration list for PBXNativeTarget "SPTestFacebookApiTests" */ = {
			isa = XCConfigurationList;
			buildConfigurations = (
				63ABB7D61973C2E100A879D3 /* Debug */,
				63ABB7D71973C2E100A879D3 /* Release */,
			);
			defaultConfigurationIsVisible = 0;
		};
/* End XCConfigurationList section */
	};
	rootObject = 63ABB79E1973C2E000A879D3 /* Project object */;
}
